
Microsoft Visual Studio Solution File, Format Version 12.00
# Visual Studio Version 17
VisualStudioVersion = 17.5.002.0
MinimumVisualStudioVersion = 10.0.40219.1
Project("{9A19103F-16F7-4668-BE54-9A1E7A4F7556}") = "bancawebapp", "bancawebapp.csproj", "{AB254F33-D32C-4C9C-95DD-C929B97D8BB9}"
EndProject
Global
	GlobalSection(SolutionConfigurationPlatforms) = preSolution
		Debug|Any CPU = Debug|Any CPU
		Release|Any CPU = Release|Any CPU
	EndGlobalSection
	GlobalSection(ProjectConfigurationPlatforms) = postSolution
		{AB254F33-D32C-4C9C-95DD-C929B97D8BB9}.Debug|Any CPU.ActiveCfg = Debug|Any CPU
		{AB254F33-D32C-4C9C-95DD-C929B97D8BB9}.Debug|Any CPU.Build.0 = Debug|Any CPU
		{AB254F33-D32C-4C9C-95DD-C929B97D8BB9}.Release|Any CPU.ActiveCfg = Release|Any CPU
		{AB254F33-D32C-4C9C-95DD-C929B97D8BB9}.Release|Any CPU.Build.0 = Release|Any CPU
	EndGlobalSection
	GlobalSection(SolutionProperties) = preSolution
		HideSolutionNode = FALSE
	EndGlobalSection
	GlobalSection(ExtensibilityGlobals) = postSolution
		SolutionGuid = {350F5042-7433-49C0-BAFF-8C17BE6E41B9}
	EndGlobalSection
EndGlobal
